
Microsoft Visual Studio Solution File, Format Version 12.00
# Visual Studio Version 17
VisualStudioVersion = 17.3.32929.385
MinimumVisualStudioVersion = 10.0.40219.1
Project("{FAE04EC0-301F-11D3-BF4B-00C04F79EFBC}") = "CLI", "CLI\CLI.csproj", "{1F21F951-DE6E-4A39-AF37-932C34DE5E5A}"
EndProject
Project("{FAE04EC0-301F-11D3-BF4B-00C04F79EFBC}") = "Lib", "Lib\Lib.csproj", "{6D20D2D8-A780-4454-BB8D-AE088E2115A7}"
EndProject
Global
	GlobalSection(SolutionConfigurationPlatforms) = preSolution
		Debug|Any CPU = Debug|Any CPU
		Release|Any CPU = Release|Any CPU
	EndGlobalSection
	GlobalSection(ProjectConfigurationPlatforms) = postSolution
		{1F21F951-DE6E-4A39-AF37-932C34DE5E5A}.Debug|Any CPU.ActiveCfg = Debug|Any CPU
		{1F21F951-DE6E-4A39-AF37-932C34DE5E5A}.Debug|Any CPU.Build.0 = Debug|Any CPU
		{1F21F951-DE6E-4A39-AF37-932C34DE5E5A}.Release|Any CPU.ActiveCfg = Release|Any CPU
		{1F21F951-DE6E-4A39-AF37-932C34DE5E5A}.Release|Any CPU.Build.0 = Release|Any CPU
		{6D20D2D8-A780-4454-BB8D-AE088E2115A7}.Debug|Any CPU.ActiveCfg = Debug|Any CPU
		{6D20D2D8-A780-4454-BB8D-AE088E2115A7}.Debug|Any CPU.Build.0 = Debug|Any CPU
		{6D20D2D8-A780-4454-BB8D-AE088E2115A7}.Release|Any CPU.ActiveCfg = Release|Any CPU
		{6D20D2D8-A780-4454-BB8D-AE088E2115A7}.Release|Any CPU.Build.0 = Release|Any CPU
	EndGlobalSection
	GlobalSection(SolutionProperties) = preSolution
		HideSolutionNode = FALSE
	EndGlobalSection
	GlobalSection(ExtensibilityGlobals) = postSolution
		SolutionGuid = {C66B6F37-33AB-4C41-A0ED-A360361DEA50}
	EndGlobalSection
EndGlobal
